
Microsoft Visual Studio Solution File, Format Version 12.00
# Visual Studio 15
VisualStudioVersion = 15.0.27428.2037
MinimumVisualStudioVersion = 10.0.40219.1
Project("{8BC9CEB8-8B4A-11D0-8D11-00A0C91BC942}") = "C1A4E2", "C1A4E2\C1A4E2.vcxproj", "{383C3F38-9C37-4CC9-BE11-5AA2B40F95C4}"
EndProject
Project("{8BC9CEB8-8B4A-11D0-8D11-00A0C91BC942}") = "C1A4E3", "C1A4E3\C1A4E3.vcxproj", "{0549FDBD-A1B8-41DE-B728-099E1DA295DC}"
EndProject
Project("{8BC9CEB8-8B4A-11D0-8D11-00A0C91BC942}") = "C1A4E1", "C1A4E1\C1A4.vcxproj", "{D41EBECC-E611-4F23-99BB-59B7590BAA4D}"
EndProject
Project("{8BC9CEB8-8B4A-11D0-8D11-00A0C91BC942}") = "C1A4E1_Retest", "C1A4E1_Retest\C1A4E1_Retest.vcxproj", "{22E82B46-4C03-4369-8F15-3E44FA4C1595}"
EndProject
Project("{8BC9CEB8-8B4A-11D0-8D11-00A0C91BC942}") = "C1A4E2_Retest", "C1A4E2_Retest\C1A4E2_Retest.vcxproj", "{46B27056-A844-4CC5-915C-A60F1B92C33A}"
EndProject
Global
	GlobalSection(SolutionConfigurationPlatforms) = preSolution
		Debug|x64 = Debug|x64
		Debug|x86 = Debug|x86
		Release|x64 = Release|x64
		Release|x86 = Release|x86
	EndGlobalSection
	GlobalSection(ProjectConfigurationPlatforms) = postSolution
		{383C3F38-9C37-4CC9-BE11-5AA2B40F95C4}.Debug|x64.ActiveCfg = Debug|x64
		{383C3F38-9C37-4CC9-BE11-5AA2B40F95C4}.Debug|x64.Build.0 = Debug|x64
		{383C3F38-9C37-4CC9-BE11-5AA2B40F95C4}.Debug|x86.ActiveCfg = Debug|Win32
		{383C3F38-9C37-4CC9-BE11-5AA2B40F95C4}.Debug|x86.Build.0 = Debug|Win32
		{383C3F38-9C37-4CC9-BE11-5AA2B40F95C4}.Release|x64.ActiveCfg = Release|x64
		{383C3F38-9C37-4CC9-BE11-5AA2B40F95C4}.Release|x64.Build.0 = Release|x64
		{383C3F38-9C37-4CC9-BE11-5AA2B40F95C4}.Release|x86.ActiveCfg = Release|Win32
		{383C3F38-9C37-4CC9-BE11-5AA2B40F95C4}.Release|x86.Build.0 = Release|Win32
		{0549FDBD-A1B8-41DE-B728-099E1DA295DC}.Debug|x64.ActiveCfg = Debug|x64
		{0549FDBD-A1B8-41DE-B728-099E1DA295DC}.Debug|x64.Build.0 = Debug|x64
		{0549FDBD-A1B8-41DE-B728-099E1DA295DC}.Debug|x86.ActiveCfg = Debug|Win32
		{0549FDBD-A1B8-41DE-B728-099E1DA295DC}.Debug|x86.Build.0 = Debug|Win32
		{0549FDBD-A1B8-41DE-B728-099E1DA295DC}.Release|x64.ActiveCfg = Release|x64
		{0549FDBD-A1B8-41DE-B728-099E1DA295DC}.Release|x64.Build.0 = Release|x64
		{0549FDBD-A1B8-41DE-B728-099E1DA295DC}.Release|x86.ActiveCfg = Release|Win32
		{0549FDBD-A1B8-41DE-B728-099E1DA295DC}.Release|x86.Build.0 = Release|Win32
		{D41EBECC-E611-4F23-99BB-59B7590BAA4D}.Debug|x64.ActiveCfg = Debug|x64
		{D41EBECC-E611-4F23-99BB-59B7590BAA4D}.Debug|x64.Build.0 = Debug|x64
		{D41EBECC-E611-4F23-99BB-59B7590BAA4D}.Debug|x86.ActiveCfg = Debug|Win32
		{D41EBECC-E611-4F23-99BB-59B7590BAA4D}.Debug|x86.Build.0 = Debug|Win32
		{D41EBECC-E611-4F23-99BB-59B7590BAA4D}.Release|x64.ActiveCfg = Release|x64
		{D41EBECC-E611-4F23-99BB-59B7590BAA4D}.Release|x64.Build.0 = Release|x64
		{D41EBECC-E611-4F23-99BB-59B7590BAA4D}.Release|x86.ActiveCfg = Release|Win32
		{D41EBECC-E611-4F23-99BB-59B7590BAA4D}.Release|x86.Build.0 = Release|Win32
		{22E82B46-4C03-4369-8F15-3E44FA4C1595}.Debug|x64.ActiveCfg = Debug|x64
		{22E82B46-4C03-4369-8F15-3E44FA4C1595}.Debug|x64.Build.0 = Debug|x64
		{22E82B46-4C03-4369-8F15-3E44FA4C1595}.Debug|x86.ActiveCfg = Debug|Win32
		{22E82B46-4C03-4369-8F15-3E44FA4C1595}.Debug|x86.Build.0 = Debug|Win32
		{22E82B46-4C03-4369-8F15-3E44FA4C1595}.Release|x64.ActiveCfg = Release|x64
		{22E82B46-4C03-4369-8F15-3E44FA4C1595}.Release|x64.Build.0 = Release|x64
		{22E82B46-4C03-4369-8F15-3E44FA4C1595}.Release|x86.ActiveCfg = Release|Win32
		{22E82B46-4C03-4369-8F15-3E44FA4C1595}.Release|x86.Build.0 = Release|Win32
		{46B27056-A844-4CC5-915C-A60F1B92C33A}.Debug|x64.ActiveCfg = Debug|x64
		{46B27056-A844-4CC5-915C-A60F1B92C33A}.Debug|x64.Build.0 = Debug|x64
		{46B27056-A844-4CC5-915C-A60F1B92C33A}.Debug|x86.ActiveCfg = Debug|Win32
		{46B27056-A844-4CC5-915C-A60F1B92C33A}.Debug|x86.Build.0 = Debug|Win32
		{46B27056-A844-4CC5-915C-A60F1B92C33A}.Release|x64.ActiveCfg = Release|x64
		{46B27056-A844-4CC5-915C-A60F1B92C33A}.Release|x64.Build.0 = Release|x64
		{46B27056-A844-4CC5-915C-A60F1B92C33A}.Release|x86.ActiveCfg = Release|Win32
		{46B27056-A844-4CC5-915C-A60F1B92C33A}.Release|x86.Build.0 = Release|Win32
	EndGlobalSection
	GlobalSection(SolutionProperties) = preSolution
		HideSolutionNode = FALSE
	EndGlobalSection
	GlobalSection(ExtensibilityGlobals) = postSolution
		SolutionGuid = {A566B90E-2725-4BC6-A6F8-CBFA0297F71C}
	EndGlobalSection
EndGlobal
