
Microsoft Visual Studio Solution File, Format Version 12.00
# Visual Studio 15
VisualStudioVersion = 15.0.27428.2037
MinimumVisualStudioVersion = 10.0.40219.1
Project("{8BC9CEB8-8B4A-11D0-8D11-00A0C91BC942}") = "C1A1E1_main", "C1A1E1\C1A1E1.vcxproj", "{52D38233-3066-4984-A725-67EB231E05AC}"
EndProject
Project("{8BC9CEB8-8B4A-11D0-8D11-00A0C91BC942}") = "C1A1E1_main_E", "C1A1E1_main_E\C1A1E1_main_E.vcxproj", "{50BBA6E3-1F4C-4BEE-80E4-96FB3CEB0961}"
EndProject
Project("{8BC9CEB8-8B4A-11D0-8D11-00A0C91BC942}") = "C1A1E2_main_E", "C1A1E2_main_E\C1A1E2_main_E.vcxproj", "{DF4AC78F-696E-4051-8BBE-7B50F906C218}"
EndProject
Global
	GlobalSection(SolutionConfigurationPlatforms) = preSolution
		Debug|x64 = Debug|x64
		Debug|x86 = Debug|x86
		Release|x64 = Release|x64
		Release|x86 = Release|x86
	EndGlobalSection
	GlobalSection(ProjectConfigurationPlatforms) = postSolution
		{52D38233-3066-4984-A725-67EB231E05AC}.Debug|x64.ActiveCfg = Debug|x64
		{52D38233-3066-4984-A725-67EB231E05AC}.Debug|x64.Build.0 = Debug|x64
		{52D38233-3066-4984-A725-67EB231E05AC}.Debug|x86.ActiveCfg = Debug|Win32
		{52D38233-3066-4984-A725-67EB231E05AC}.Debug|x86.Build.0 = Debug|Win32
		{52D38233-3066-4984-A725-67EB231E05AC}.Release|x64.ActiveCfg = Release|x64
		{52D38233-3066-4984-A725-67EB231E05AC}.Release|x64.Build.0 = Release|x64
		{52D38233-3066-4984-A725-67EB231E05AC}.Release|x86.ActiveCfg = Release|Win32
		{52D38233-3066-4984-A725-67EB231E05AC}.Release|x86.Build.0 = Release|Win32
		{50BBA6E3-1F4C-4BEE-80E4-96FB3CEB0961}.Debug|x64.ActiveCfg = Debug|x64
		{50BBA6E3-1F4C-4BEE-80E4-96FB3CEB0961}.Debug|x64.Build.0 = Debug|x64
		{50BBA6E3-1F4C-4BEE-80E4-96FB3CEB0961}.Debug|x86.ActiveCfg = Debug|Win32
		{50BBA6E3-1F4C-4BEE-80E4-96FB3CEB0961}.Debug|x86.Build.0 = Debug|Win32
		{50BBA6E3-1F4C-4BEE-80E4-96FB3CEB0961}.Release|x64.ActiveCfg = Release|x64
		{50BBA6E3-1F4C-4BEE-80E4-96FB3CEB0961}.Release|x64.Build.0 = Release|x64
		{50BBA6E3-1F4C-4BEE-80E4-96FB3CEB0961}.Release|x86.ActiveCfg = Release|Win32
		{50BBA6E3-1F4C-4BEE-80E4-96FB3CEB0961}.Release|x86.Build.0 = Release|Win32
		{DF4AC78F-696E-4051-8BBE-7B50F906C218}.Debug|x64.ActiveCfg = Debug|x64
		{DF4AC78F-696E-4051-8BBE-7B50F906C218}.Debug|x64.Build.0 = Debug|x64
		{DF4AC78F-696E-4051-8BBE-7B50F906C218}.Debug|x86.ActiveCfg = Debug|Win32
		{DF4AC78F-696E-4051-8BBE-7B50F906C218}.Debug|x86.Build.0 = Debug|Win32
		{DF4AC78F-696E-4051-8BBE-7B50F906C218}.Release|x64.ActiveCfg = Release|x64
		{DF4AC78F-696E-4051-8BBE-7B50F906C218}.Release|x64.Build.0 = Release|x64
		{DF4AC78F-696E-4051-8BBE-7B50F906C218}.Release|x86.ActiveCfg = Release|Win32
		{DF4AC78F-696E-4051-8BBE-7B50F906C218}.Release|x86.Build.0 = Release|Win32
	EndGlobalSection
	GlobalSection(SolutionProperties) = preSolution
		HideSolutionNode = FALSE
	EndGlobalSection
	GlobalSection(ExtensibilityGlobals) = postSolution
		SolutionGuid = {E4F8B47C-EC64-4476-BC9C-6C4D220C5860}
	EndGlobalSection
EndGlobal
